
Microsoft Visual Studio Solution File, Format Version 12.00
# Visual Studio Version 17
VisualStudioVersion = 17.12.35209.166
MinimumVisualStudioVersion = 10.0.40219.1
Project("{FAE04EC0-301F-11D3-BF4B-00C04F79EFBC}") = "TestProject1", "TestProject1\TestProject1.csproj", "{87353758-6F36-4C64-805F-A57CAD71981E}"
EndProject
Project("{FAE04EC0-301F-11D3-BF4B-00C04F79EFBC}") = "ConsoleApp1", "ConsoleApp1\ConsoleApp1.csproj", "{CB31326B-E8D9-4E2D-8B1A-4DEB33A20AFD}"
EndProject
Global
	GlobalSection(SolutionConfigurationPlatforms) = preSolution
		Debug|Any CPU = Debug|Any CPU
		Release|Any CPU = Release|Any CPU
	EndGlobalSection
	GlobalSection(ProjectConfigurationPlatforms) = postSolution
		{87353758-6F36-4C64-805F-A57CAD71981E}.Debug|Any CPU.ActiveCfg = Debug|Any CPU
		{87353758-6F36-4C64-805F-A57CAD71981E}.Debug|Any CPU.Build.0 = Debug|Any CPU
		{87353758-6F36-4C64-805F-A57CAD71981E}.Release|Any CPU.ActiveCfg = Release|Any CPU
		{87353758-6F36-4C64-805F-A57CAD71981E}.Release|Any CPU.Build.0 = Release|Any CPU
		{CB31326B-E8D9-4E2D-8B1A-4DEB33A20AFD}.Debug|Any CPU.ActiveCfg = Debug|Any CPU
		{CB31326B-E8D9-4E2D-8B1A-4DEB33A20AFD}.Debug|Any CPU.Build.0 = Debug|Any CPU
		{CB31326B-E8D9-4E2D-8B1A-4DEB33A20AFD}.Release|Any CPU.ActiveCfg = Release|Any CPU
		{CB31326B-E8D9-4E2D-8B1A-4DEB33A20AFD}.Release|Any CPU.Build.0 = Release|Any CPU
	EndGlobalSection
	GlobalSection(SolutionProperties) = preSolution
		HideSolutionNode = FALSE
	EndGlobalSection
	GlobalSection(ExtensibilityGlobals) = postSolution
		SolutionGuid = {8F5CA0BB-317B-4EC5-AF7F-3B7B4663D0CE}
	EndGlobalSection
EndGlobal
